// !$*UTF8*$!
{
	archiveVersion = 1;
	classes = {
	};
	objectVersion = 55;
	objects = {

/* Begin PBXBuildFile section */
		D7F26C4B27E615CB008E2206 /* AppDelegate.swift in Sources */ = {isa = PBXBuildFile; fileRef = D7F26C4A27E615CB008E2206 /* AppDelegate.swift */; };
		D7F26C4D27E615CB008E2206 /* SceneDelegate.swift in Sources */ = {isa = PBXBuildFile; fileRef = D7F26C4C27E615CB008E2206 /* SceneDelegate.swift */; };
		D7F26C4F27E615CB008E2206 /* ViewController.swift in Sources */ = {isa = PBXBuildFile; fileRef = D7F26C4E27E615CB008E2206 /* ViewController.swift */; };
		D7F26C5227E615CB008E2206 /* Main.storyboard in Resources */ = {isa = PBXBuildFile; fileRef = D7F26C5027E615CB008E2206 /* Main.storyboard */; };
		D7F26C5427E615CC008E2206 /* Assets.xcassets in Resources */ = {isa = PBXBuildFile; fileRef = D7F26C5327E615CC008E2206 /* Assets.xcassets */; };
		D7F26C5727E615CC008E2206 /* LaunchScreen.storyboard in Resources */ = {isa = PBXBuildFile; fileRef = D7F26C5527E615CC008E2206 /* LaunchScreen.storyboard */; };
		D7F26C6227E615CC008E2206 /* appStoreSearchAppTests.swift in Sources */ = {isa = PBXBuildFile; fileRef = D7F26C6127E615CC008E2206 /* appStoreSearchAppTests.swift */; };
		D7F26C6C27E615CC008E2206 /* appStoreSearchAppUITests.swift in Sources */ = {isa = PBXBuildFile; fileRef = D7F26C6B27E615CC008E2206 /* appStoreSearchAppUITests.swift */; };
		D7F26C6E27E615CC008E2206 /* appStoreSearchAppUITestsLaunchTests.swift in Sources */ = {isa = PBXBuildFile; fileRef = D7F26C6D27E615CC008E2206 /* appStoreSearchAppUITestsLaunchTests.swift */; };
/* End PBXBuildFile section */

/* Begin PBXContainerItemProxy section */
		D7F26C5E27E615CC008E2206 /* PBXContainerItemProxy */ = {
			isa = PBXContainerItemProxy;
			containerPortal = D7F26C3F27E615CB008E2206 /* Project object */;
			proxyType = 1;
			remoteGlobalIDString = D7F26C4627E615CB008E2206;
			remoteInfo = appStoreSearchApp;
		};
		D7F26C6827E615CC008E2206 /* PBXContainerItemProxy */ = {
			isa = PBXContainerItemProxy;
			containerPortal = D7F26C3F27E615CB008E2206 /* Project object */;
			proxyType = 1;
			remoteGlobalIDString = D7F26C4627E615CB008E2206;
			remoteInfo = appStoreSearchApp;
		};
/* End PBXContainerItemProxy section */

/* Begin PBXFileReference section */
		D7F26C4727E615CB008E2206 /* appStoreSearchApp.app */ = {isa = PBXFileReference; explicitFileType = wrapper.application; includeInIndex = 0; path = appStoreSearchApp.app; sourceTree = BUILT_PRODUCTS_DIR; };
		D7F26C4A27E615CB008E2206 /* AppDelegate.swift */ = {isa = PBXFileReference; lastKnownFileType = sourcecode.swift; path = AppDelegate.swift; sourceTree = "<group>"; };
		D7F26C4C27E615CB008E2206 /* SceneDelegate.swift */ = {isa = PBXFileReference; lastKnownFileType = sourcecode.swift; path = SceneDelegate.swift; sourceTree = "<group>"; };
		D7F26C4E27E615CB008E2206 /* ViewController.swift */ = {isa = PBXFileReference; lastKnownFileType = sourcecode.swift; path = ViewController.swift; sourceTree = "<group>"; };
		D7F26C5127E615CB008E2206 /* Base */ = {isa = PBXFileReference; lastKnownFileType = file.storyboard; name = Base; path = Base.lproj/Main.storyboard; sourceTree = "<group>"; };
		D7F26C5327E615CC008E2206 /* Assets.xcassets */ = {isa = PBXFileReference; lastKnownFileType = folder.assetcatalog; path = Assets.xcassets; sourceTree = "<group>"; };
		D7F26C5627E615CC008E2206 /* Base */ = {isa = PBXFileReference; lastKnownFileType = file.storyboard; name = Base; path = Base.lproj/LaunchScreen.storyboard; sourceTree = "<group>"; };
		D7F26C5827E615CC008E2206 /* Info.plist */ = {isa = PBXFileReference; lastKnownFileType = text.plist.xml; path = Info.plist; sourceTree = "<group>"; };
		D7F26C5D27E615CC008E2206 /* appStoreSearchAppTests.xctest */ = {isa = PBXFileReference; explicitFileType = wrapper.cfbundle; includeInIndex = 0; path = appStoreSearchAppTests.xctest; sourceTree = BUILT_PRODUCTS_DIR; };
		D7F26C6127E615CC008E2206 /* appStoreSearchAppTests.swift */ = {isa = PBXFileReference; lastKnownFileType = sourcecode.swift; path = appStoreSearchAppTests.swift; sourceTree = "<group>"; };
		D7F26C6727E615CC008E2206 /* appStoreSearchAppUITests.xctest */ = {isa = PBXFileReference; explicitFileType = wrapper.cfbundle; includeInIndex = 0; path = appStoreSearchAppUITests.xctest; sourceTree = BUILT_PRODUCTS_DIR; };
		D7F26C6B27E615CC008E2206 /* appStoreSearchAppUITests.swift */ = {isa = PBXFileReference; lastKnownFileType = sourcecode.swift; path = appStoreSearchAppUITests.swift; sourceTree = "<group>"; };
		D7F26C6D27E615CC008E2206 /* appStoreSearchAppUITestsLaunchTests.swift */ = {isa = PBXFileReference; lastKnownFileType = sourcecode.swift; path = appStoreSearchAppUITestsLaunchTests.swift; sourceTree = "<group>"; };
/* End PBXFileReference section */

/* Begin PBXFrameworksBuildPhase section */
		D7F26C4427E615CB008E2206 /* Frameworks */ = {
			isa = PBXFrameworksBuildPhase;
			buildActionMask = 2147483647;
			files = (
			);
			runOnlyForDeploymentPostprocessing = 0;
		};
		D7F26C5A27E615CC008E2206 /* Frameworks */ = {
			isa = PBXFrameworksBuildPhase;
			buildActionMask = 2147483647;
			files = (
			);
			runOnlyForDeploymentPostprocessing = 0;
		};
		D7F26C6427E615CC008E2206 /* Frameworks */ = {
			isa = PBXFrameworksBuildPhase;
			buildActionMask = 2147483647;
			files = (
			);
			runOnlyForDeploymentPostprocessing = 0;
		};
/* End PBXFrameworksBuildPhase section */

/* Begin PBXGroup section */
		D7F26C3E27E615CB008E2206 = {
			isa = PBXGroup;
			children = (
				D7F26C4927E615CB008E2206 /* appStoreSearchApp */,
				D7F26C6027E615CC008E2206 /* appStoreSearchAppTests */,
				D7F26C6A27E615CC008E2206 /* appStoreSearchAppUITests */,
				D7F26C4827E615CB008E2206 /* Products */,
			);
			sourceTree = "<group>";
		};
		D7F26C4827E615CB008E2206 /* Products */ = {
			isa = PBXGroup;
			children = (
				D7F26C4727E615CB008E2206 /* appStoreSearchApp.app */,
				D7F26C5D27E615CC008E2206 /* appStoreSearchAppTests.xctest */,
				D7F26C6727E615CC008E2206 /* appStoreSearchAppUITests.xctest */,
			);
			name = Products;
			sourceTree = "<group>";
		};
		D7F26C4927E615CB008E2206 /* appStoreSearchApp */ = {
			isa = PBXGroup;
			children = (
				D7F26C4A27E615CB008E2206 /* AppDelegate.swift */,
				D7F26C4C27E615CB008E2206 /* SceneDelegate.swift */,
				D7F26C4E27E615CB008E2206 /* ViewController.swift */,
				D7F26C5027E615CB008E2206 /* Main.storyboard */,
				D7F26C5327E615CC008E2206 /* Assets.xcassets */,
				D7F26C5527E615CC008E2206 /* LaunchScreen.storyboard */,
				D7F26C5827E615CC008E2206 /* Info.plist */,
			);
			path = appStoreSearchApp;
			sourceTree = "<group>";
		};
		D7F26C6027E615CC008E2206 /* appStoreSearchAppTests */ = {
			isa = PBXGroup;
			children = (
				D7F26C6127E615CC008E2206 /* appStoreSearchAppTests.swift */,
			);
			path = appStoreSearchAppTests;
			sourceTree = "<group>";
		};
		D7F26C6A27E615CC008E2206 /* appStoreSearchAppUITests */ = {
			isa = PBXGroup;
			children = (
				D7F26C6B27E615CC008E2206 /* appStoreSearchAppUITests.swift */,
				D7F26C6D27E615CC008E2206 /* appStoreSearchAppUITestsLaunchTests.swift */,
			);
			path = appStoreSearchAppUITests;
			sourceTree = "<group>";
		};
/* End PBXGroup section */

/* Begin PBXNativeTarget section */
		D7F26C4627E615CB008E2206 /* appStoreSearchApp */ = {
			isa = PBXNativeTarget;
			buildConfigurationList = D7F26C7127E615CC008E2206 /* Build configuration list for PBXNativeTarget "appStoreSearchApp" */;
			buildPhases = (
				D7F26C4327E615CB008E2206 /* Sources */,
				D7F26C4427E615CB008E2206 /* Frameworks */,
				D7F26C4527E615CB008E2206 /* Resources */,
			);
			buildRules = (
			);
			dependencies = (
			);
			name = appStoreSearchApp;
			productName = appStoreSearchApp;
			productReference = D7F26C4727E615CB008E2206 /* appStoreSearchApp.app */;
			productType = "com.apple.product-type.application";
		};
		D7F26C5C27E615CC008E2206 /* appStoreSearchAppTests */ = {
			isa = PBXNativeTarget;
			buildConfigurationList = D7F26C7427E615CC008E2206 /* Build configuration list for PBXNativeTarget "appStoreSearchAppTests" */;
			buildPhases = (
				D7F26C5927E615CC008E2206 /* Sources */,
				D7F26C5A27E615CC008E2206 /* Frameworks */,
				D7F26C5B27E615CC008E2206 /* Resources */,
			);
			buildRules = (
			);
			dependencies = (
				D7F26C5F27E615CC008E2206 /* PBXTargetDependency */,
			);
			name = appStoreSearchAppTests;
			productName = appStoreSearchAppTests;
			productReference = D7F26C5D27E615CC008E2206 /* appStoreSearchAppTests.xctest */;
			productType = "com.apple.product-type.bundle.unit-test";
		};
		D7F26C6627E615CC008E2206 /* appStoreSearchAppUITests */ = {
			isa = PBXNativeTarget;
			buildConfigurationList = D7F26C7727E615CC008E2206 /* Build configuration list for PBXNativeTarget "appStoreSearchAppUITests" */;
			buildPhases = (
				D7F26C6327E615CC008E2206 /* Sources */,
				D7F26C6427E615CC008E2206 /* Frameworks */,
				D7F26C6527E615CC008E2206 /* Resources */,
			);
			buildRules = (
			);
			dependencies = (
				D7F26C6927E615CC008E2206 /* PBXTargetDependency */,
			);
			name = appStoreSearchAppUITests;
			productName = appStoreSearchAppUITests;
			productReference = D7F26C6727E615CC008E2206 /* appStoreSearchAppUITests.xctest */;
			productType = "com.apple.product-type.bundle.ui-testing";
		};
/* End PBXNativeTarget section */

/* Begin PBXProject section */
		D7F26C3F27E615CB008E2206 /* Project object */ = {
			isa = PBXProject;
			attributes = {
				BuildIndependentTargetsInParallel = 1;
				LastSwiftUpdateCheck = 1320;
				LastUpgradeCheck = 1320;
				TargetAttributes = {
					D7F26C4627E615CB008E2206 = {
						CreatedOnToolsVersion = 13.2.1;
					};
					D7F26C5C27E615CC008E2206 = {
						CreatedOnToolsVersion = 13.2.1;
						TestTargetID = D7F26C4627E615CB008E2206;
					};
					D7F26C6627E615CC008E2206 = {
						CreatedOnToolsVersion = 13.2.1;
						TestTargetID = D7F26C4627E615CB008E2206;
					};
				};
			};
			buildConfigurationList = D7F26C4227E615CB008E2206 /* Build configuration list for PBXProject "appStoreSearchApp" */;
			compatibilityVersion = "Xcode 13.0";
			developmentRegion = en;
			hasScannedForEncodings = 0;
			knownRegions = (
				en,
				Base,
			);
			mainGroup = D7F26C3E27E615CB008E2206;
			productRefGroup = D7F26C4827E615CB008E2206 /* Products */;
			projectDirPath = "";
			projectRoot = "";
			targets = (
				D7F26C4627E615CB008E2206 /* appStoreSearchApp */,
				D7F26C5C27E615CC008E2206 /* appStoreSearchAppTests */,
				D7F26C6627E615CC008E2206 /* appStoreSearchAppUITests */,
			);
		};
/* End PBXProject section */

/* Begin PBXResourcesBuildPhase section */
		D7F26C4527E615CB008E2206 /* Resources */ = {
			isa = PBXResourcesBuildPhase;
			buildActionMask = 2147483647;
			files = (
				D7F26C5727E615CC008E2206 /* LaunchScreen.storyboard in Resources */,
				D7F26C5427E615CC008E2206 /* Assets.xcassets in Resources */,
				D7F26C5227E615CB008E2206 /* Main.storyboard in Resources */,
			);
			runOnlyForDeploymentPostprocessing = 0;
		};
		D7F26C5B27E615CC008E2206 /* Resources */ = {
			isa = PBXResourcesBuildPhase;
			buildActionMask = 2147483647;
			files = (
			);
			runOnlyForDeploymentPostprocessing = 0;
		};
		D7F26C6527E615CC008E2206 /* Resources */ = {
			isa = PBXResourcesBuildPhase;
			buildActionMask = 2147483647;
			files = (
			);
			runOnlyForDeploymentPostprocessing = 0;
		};
/* End PBXResourcesBuildPhase section */

/* Begin PBXSourcesBuildPhase section */
		D7F26C4327E615CB008E2206 /* Sources */ = {
			isa = PBXSourcesBuildPhase;
			buildActionMask = 2147483647;
			files = (
				D7F26C4F27E615CB008E2206 /* ViewController.swift in Sources */,
				D7F26C4B27E615CB008E2206 /* AppDelegate.swift in Sources */,
				D7F26C4D27E615CB008E2206 /* SceneDelegate.swift in Sources */,
			);
			runOnlyForDeploymentPostprocessing = 0;
		};
		D7F26C5927E615CC008E2206 /* Sources */ = {
			isa = PBXSourcesBuildPhase;
			buildActionMask = 2147483647;
			files = (
				D7F26C6227E615CC008E2206 /* appStoreSearchAppTests.swift in Sources */,
			);
			runOnlyForDeploymentPostprocessing = 0;
		};
		D7F26C6327E615CC008E2206 /* Sources */ = {
			isa = PBXSourcesBuildPhase;
			buildActionMask = 2147483647;
			files = (
				D7F26C6E27E615CC008E2206 /* appStoreSearchAppUITestsLaunchTests.swift in Sources */,
				D7F26C6C27E615CC008E2206 /* appStoreSearchAppUITests.swift in Sources */,
			);
			runOnlyForDeploymentPostprocessing = 0;
		};
/* End PBXSourcesBuildPhase section */

/* Begin PBXTargetDependency section */
		D7F26C5F27E615CC008E2206 /* PBXTargetDependency */ = {
			isa = PBXTargetDependency;
			target = D7F26C4627E615CB008E2206 /* appStoreSearchApp */;
			targetProxy = D7F26C5E27E615CC008E2206 /* PBXContainerItemProxy */;
		};
		D7F26C6927E615CC008E2206 /* PBXTargetDependency */ = {
			isa = PBXTargetDependency;
			target = D7F26C4627E615CB008E2206 /* appStoreSearchApp */;
			targetProxy = D7F26C6827E615CC008E2206 /* PBXContainerItemProxy */;
		};
/* End PBXTargetDependency section */

/* Begin PBXVariantGroup section */
		D7F26C5027E615CB008E2206 /* Main.storyboard */ = {
			isa = PBXVariantGroup;
			children = (
				D7F26C5127E615CB008E2206 /* Base */,
			);
			name = Main.storyboard;
			sourceTree = "<group>";
		};
		D7F26C5527E615CC008E2206 /* LaunchScreen.storyboard */ = {
			isa = PBXVariantGroup;
			children = (
				D7F26C5627E615CC008E2206 /* Base */,
			);
			name = LaunchScreen.storyboard;
			sourceTree = "<group>";
		};
/* End PBXVariantGroup section */

/* Begin XCBuildConfiguration section */
		D7F26C6F27E615CC008E2206 /* Debug */ = {
			isa = XCBuildConfiguration;
			buildSettings = {
				ALWAYS_SEARCH_USER_PATHS = NO;
				CLANG_ANALYZER_NONNULL = YES;
				CLANG_ANALYZER_NUMBER_OBJECT_CONVERSION = YES_AGGRESSIVE;
				CLANG_CXX_LANGUAGE_STANDARD = "gnu++17";
				CLANG_CXX_LIBRARY = "libc++";
				CLANG_ENABLE_MODULES = YES;
				CLANG_ENABLE_OBJC_ARC = YES;
				CLANG_ENABLE_OBJC_WEAK = YES;
				CLANG_WARN_BLOCK_CAPTURE_AUTORELEASING = YES;
				CLANG_WARN_BOOL_CONVERSION = YES;
				CLANG_WARN_COMMA = YES;
				CLANG_WARN_CONSTANT_CONVERSION = YES;
				CLANG_WARN_DEPRECATED_OBJC_IMPLEMENTATIONS = YES;
				CLANG_WARN_DIRECT_OBJC_ISA_USAGE = YES_ERROR;
				CLANG_WARN_DOCUMENTATION_COMMENTS = YES;
				CLANG_WARN_EMPTY_BODY = YES;
				CLANG_WARN_ENUM_CONVERSION = YES;
				CLANG_WARN_INFINITE_RECURSION = YES;
				CLANG_WARN_INT_CONVERSION = YES;
				CLANG_WARN_NON_LITERAL_NULL_CONVERSION = YES;
				CLANG_WARN_OBJC_IMPLICIT_RETAIN_SELF = YES;
				CLANG_WARN_OBJC_LITERAL_CONVERSION = YES;
				CLANG_WARN_OBJC_ROOT_CLASS = YES_ERROR;
				CLANG_WARN_QUOTED_INCLUDE_IN_FRAMEWORK_HEADER = YES;
				CLANG_WARN_RANGE_LOOP_ANALYSIS = YES;
				CLANG_WARN_STRICT_PROTOTYPES = YES;
				CLANG_WARN_SUSPICIOUS_MOVE = YES;
				CLANG_WARN_UNGUARDED_AVAILABILITY = YES_AGGRESSIVE;
				CLANG_WARN_UNREACHABLE_CODE = YES;
				CLANG_WARN__DUPLICATE_METHOD_MATCH = YES;
				COPY_PHASE_STRIP = NO;
				DEBUG_INFORMATION_FORMAT = dwarf;
				ENABLE_STRICT_OBJC_MSGSEND = YES;
				ENABLE_TESTABILITY = YES;
				GCC_C_LANGUAGE_STANDARD = gnu11;
				GCC_DYNAMIC_NO_PIC = NO;
				GCC_NO_COMMON_BLOCKS = YES;
				GCC_OPTIMIZATION_LEVEL = 0;
				GCC_PREPROCESSOR_DEFINITIONS = (
					"DEBUG=1",
					"$(inherited)",
				);
				GCC_WARN_64_TO_32_BIT_CONVERSION = YES;
				GCC_WARN_ABOUT_RETURN_TYPE = YES_ERROR;
				GCC_WARN_UNDECLARED_SELECTOR = YES;
				GCC_WARN_UNINITIALIZED_AUTOS = YES_AGGRESSIVE;
				GCC_WARN_UNUSED_FUNCTION = YES;
				GCC_WARN_UNUSED_VARIABLE = YES;
				IPHONEOS_DEPLOYMENT_TARGET = 15.2;
				MTL_ENABLE_DEBUG_INFO = INCLUDE_SOURCE;
				MTL_FAST_MATH = YES;
				ONLY_ACTIVE_ARCH = YES;
				SDKROOT = iphoneos;
				SWIFT_ACTIVE_COMPILATION_CONDITIONS = DEBUG;
				SWIFT_OPTIMIZATION_LEVEL = "-Onone";
			};
			name = Debug;
		};
		D7F26C7027E615CC008E2206 /* Release */ = {
			isa = XCBuildConfiguration;
			buildSettings = {
				ALWAYS_SEARCH_USER_PATHS = NO;
				CLANG_ANALYZER_NONNULL = YES;
				CLANG_ANALYZER_NUMBER_OBJECT_CONVERSION = YES_AGGRESSIVE;
				CLANG_CXX_LANGUAGE_STANDARD = "gnu++17";
				CLANG_CXX_LIBRARY = "libc++";
				CLANG_ENABLE_MODULES = YES;
				CLANG_ENABLE_OBJC_ARC = YES;
				CLANG_ENABLE_OBJC_WEAK = YES;
				CLANG_WARN_BLOCK_CAPTURE_AUTORELEASING = YES;
				CLANG_WARN_BOOL_CONVERSION = YES;
				CLANG_WARN_COMMA = YES;
				CLANG_WARN_CONSTANT_CONVERSION = YES;
				CLANG_WARN_DEPRECATED_OBJC_IMPLEMENTATIONS = YES;
				CLANG_WARN_DIRECT_OBJC_ISA_USAGE = YES_ERROR;
				CLANG_WARN_DOCUMENTATION_COMMENTS = YES;
				CLANG_WARN_EMPTY_BODY = YES;
				CLANG_WARN_ENUM_CONVERSION = YES;
				CLANG_WARN_INFINITE_RECURSION = YES;
				CLANG_WARN_INT_CONVERSION = YES;
				CLANG_WARN_NON_LITERAL_NULL_CONVERSION = YES;
				CLANG_WARN_OBJC_IMPLICIT_RETAIN_SELF = YES;
				CLANG_WARN_OBJC_LITERAL_CONVERSION = YES;
				CLANG_WARN_OBJC_ROOT_CLASS = YES_ERROR;
				CLANG_WARN_QUOTED_INCLUDE_IN_FRAMEWORK_HEADER = YES;
				CLANG_WARN_RANGE_LOOP_ANALYSIS = YES;
				CLANG_WARN_STRICT_PROTOTYPES = YES;
				CLANG_WARN_SUSPICIOUS_MOVE = YES;
				CLANG_WARN_UNGUARDED_AVAILABILITY = YES_AGGRESSIVE;
				CLANG_WARN_UNREACHABLE_CODE = YES;
				CLANG_WARN__DUPLICATE_METHOD_MATCH = YES;
				COPY_PHASE_STRIP = NO;
				DEBUG_INFORMATION_FORMAT = "dwarf-with-dsym";
				ENABLE_NS_ASSERTIONS = NO;
				ENABLE_STRICT_OBJC_MSGSEND = YES;
				GCC_C_LANGUAGE_STANDARD = gnu11;
				GCC_NO_COMMON_BLOCKS = YES;
				GCC_WARN_64_TO_32_BIT_CONVERSION = YES;
				GCC_WARN_ABOUT_RETURN_TYPE = YES_ERROR;
				GCC_WARN_UNDECLARED_SELECTOR = YES;
				GCC_WARN_UNINITIALIZED_AUTOS = YES_AGGRESSIVE;
				GCC_WARN_UNUSED_FUNCTION = YES;
				GCC_WARN_UNUSED_VARIABLE = YES;
				IPHONEOS_DEPLOYMENT_TARGET = 15.2;
				MTL_ENABLE_DEBUG_INFO = NO;
				MTL_FAST_MATH = YES;
				SDKROOT = iphoneos;
				SWIFT_COMPILATION_MODE = wholemodule;
				SWIFT_OPTIMIZATION_LEVEL = "-O";
				VALIDATE_PRODUCT = YES;
			};
			name = Release;
		};
		D7F26C7227E615CC008E2206 /* Debug */ = {
			isa = XCBuildConfiguration;
			buildSettings = {
				ASSETCATALOG_COMPILER_APPICON_NAME = AppIcon;
				ASSETCATALOG_COMPILER_GLOBAL_ACCENT_COLOR_NAME = AccentColor;
				CODE_SIGN_STYLE = Automatic;
				CURRENT_PROJECT_VERSION = 1;
				GENERATE_INFOPLIST_FILE = YES;
				INFOPLIST_FILE = appStoreSearchApp/Info.plist;
				INFOPLIST_KEY_UIApplicationSupportsIndirectInputEvents = YES;
				INFOPLIST_KEY_UILaunchStoryboardName = LaunchScreen;
				INFOPLIST_KEY_UIMainStoryboardFile = Main;
				INFOPLIST_KEY_UISupportedInterfaceOrientations_iPad = "UIInterfaceOrientationPortrait UIInterfaceOrientationPortraitUpsideDown UIInterfaceOrientationLandscapeLeft UIInterfaceOrientationLandscapeRight";
				INFOPLIST_KEY_UISupportedInterfaceOrientations_iPhone = "UIInterfaceOrientationPortrait UIInterfaceOrientationLandscapeLeft UIInterfaceOrientationLandscapeRight";
				LD_RUNPATH_SEARCH_PATHS = (
					"$(inherited)",
					"@executable_path/Frameworks",
				);
				MARKETING_VERSION = 1.0;
				PRODUCT_BUNDLE_IDENTIFIER = com.chan.appStoreSearchApp;
				PRODUCT_NAME = "$(TARGET_NAME)";
				SWIFT_EMIT_LOC_STRINGS = YES;
				SWIFT_VERSION = 5.0;
				TARGETED_DEVICE_FAMILY = "1,2";
			};
			name = Debug;
		};
		D7F26C7327E615CC008E2206 /* Release */ = {
			isa = XCBuildConfiguration;
			buildSettings = {
				ASSETCATALOG_COMPILER_APPICON_NAME = AppIcon;
				ASSETCATALOG_COMPILER_GLOBAL_ACCENT_COLOR_NAME = AccentColor;
				CODE_SIGN_STYLE = Automatic;
				CURRENT_PROJECT_VERSION = 1;
				GENERATE_INFOPLIST_FILE = YES;
				INFOPLIST_FILE = appStoreSearchApp/Info.plist;
				INFOPLIST_KEY_UIApplicationSupportsIndirectInputEvents = YES;
				INFOPLIST_KEY_UILaunchStoryboardName = LaunchScreen;
				INFOPLIST_KEY_UIMainStoryboardFile = Main;
				INFOPLIST_KEY_UISupportedInterfaceOrientations_iPad = "UIInterfaceOrientationPortrait UIInterfaceOrientationPortraitUpsideDown UIInterfaceOrientationLandscapeLeft UIInterfaceOrientationLandscapeRight";
				INFOPLIST_KEY_UISupportedInterfaceOrientations_iPhone = "UIInterfaceOrientationPortrait UIInterfaceOrientationLandscapeLeft UIInterfaceOrientationLandscapeRight";
				LD_RUNPATH_SEARCH_PATHS = (
					"$(inherited)",
					"@executable_path/Frameworks",
				);
				MARKETING_VERSION = 1.0;
				PRODUCT_BUNDLE_IDENTIFIER = com.chan.appStoreSearchApp;
				PRODUCT_NAME = "$(TARGET_NAME)";
				SWIFT_EMIT_LOC_STRINGS = YES;
				SWIFT_VERSION = 5.0;
				TARGETED_DEVICE_FAMILY = "1,2";
			};
			name = Release;
		};
		D7F26C7527E615CC008E2206 /* Debug */ = {
			isa = XCBuildConfiguration;
			buildSettings = {
				ALWAYS_EMBED_SWIFT_STANDARD_LIBRARIES = YES;
				BUNDLE_LOADER = "$(TEST_HOST)";
				CODE_SIGN_STYLE = Automatic;
				CURRENT_PROJECT_VERSION = 1;
				GENERATE_INFOPLIST_FILE = YES;
				IPHONEOS_DEPLOYMENT_TARGET = 15.2;
				MARKETING_VERSION = 1.0;
				PRODUCT_BUNDLE_IDENTIFIER = com.chan.appStoreSearchAppTests;
				PRODUCT_NAME = "$(TARGET_NAME)";
				SWIFT_EMIT_LOC_STRINGS = NO;
				SWIFT_VERSION = 5.0;
				TARGETED_DEVICE_FAMILY = "1,2";
				TEST_HOST = "$(BUILT_PRODUCTS_DIR)/appStoreSearchApp.app/appStoreSearchApp";
			};
			name = Debug;
		};
		D7F26C7627E615CC008E2206 /* Release */ = {
			isa = XCBuildConfiguration;
			buildSettings = {
				ALWAYS_EMBED_SWIFT_STANDARD_LIBRARIES = YES;
				BUNDLE_LOADER = "$(TEST_HOST)";
				CODE_SIGN_STYLE = Automatic;
				CURRENT_PROJECT_VERSION = 1;
				GENERATE_INFOPLIST_FILE = YES;
				IPHONEOS_DEPLOYMENT_TARGET = 15.2;
				MARKETING_VERSION = 1.0;
				PRODUCT_BUNDLE_IDENTIFIER = com.chan.appStoreSearchAppTests;
				PRODUCT_NAME = "$(TARGET_NAME)";
				SWIFT_EMIT_LOC_STRINGS = NO;
				SWIFT_VERSION = 5.0;
				TARGETED_DEVICE_FAMILY = "1,2";
				TEST_HOST = "$(BUILT_PRODUCTS_DIR)/appStoreSearchApp.app/appStoreSearchApp";
			};
			name = Release;
		};
		D7F26C7827E615CC008E2206 /* Debug */ = {
			isa = XCBuildConfiguration;
			buildSettings = {
				ALWAYS_EMBED_SWIFT_STANDARD_LIBRARIES = YES;
				CODE_SIGN_STYLE = Automatic;
				CURRENT_PROJECT_VERSION = 1;
				GENERATE_INFOPLIST_FILE = YES;
				MARKETING_VERSION = 1.0;
				PRODUCT_BUNDLE_IDENTIFIER = com.chan.appStoreSearchAppUITests;
				PRODUCT_NAME = "$(TARGET_NAME)";
				SWIFT_EMIT_LOC_STRINGS = NO;
				SWIFT_VERSION = 5.0;
				TARGETED_DEVICE_FAMILY = "1,2";
				TEST_TARGET_NAME = appStoreSearchApp;
			};
			name = Debug;
		};
		D7F26C7927E615CC008E2206 /* Release */ = {
			isa = XCBuildConfiguration;
			buildSettings = {
				ALWAYS_EMBED_SWIFT_STANDARD_LIBRARIES = YES;
				CODE_SIGN_STYLE = Automatic;
				CURRENT_PROJECT_VERSION = 1;
				GENERATE_INFOPLIST_FILE = YES;
				MARKETING_VERSION = 1.0;
				PRODUCT_BUNDLE_IDENTIFIER = com.chan.appStoreSearchAppUITests;
				PRODUCT_NAME = "$(TARGET_NAME)";
				SWIFT_EMIT_LOC_STRINGS = NO;
				SWIFT_VERSION = 5.0;
				TARGETED_DEVICE_FAMILY = "1,2";
				TEST_TARGET_NAME = appStoreSearchApp;
			};
			name = Release;
		};
/* End XCBuildConfiguration section */

/* Begin XCConfigurationList section */
		D7F26C4227E615CB008E2206 /* Build configuration list for PBXProject "appStoreSearchApp" */ = {
			isa = XCConfigurationList;
			buildConfigurations = (
				D7F26C6F27E615CC008E2206 /* Debug */,
				D7F26C7027E615CC008E2206 /* Release */,
			);
			defaultConfigurationIsVisible = 0;
			defaultConfigurationName = Release;
		};
		D7F26C7127E615CC008E2206 /* Build configuration list for PBXNativeTarget "appStoreSearchApp" */ = {
			isa = XCConfigurationList;
			buildConfigurations = (
				D7F26C7227E615CC008E2206 /* Debug */,
				D7F26C7327E615CC008E2206 /* Release */,
			);
			defaultConfigurationIsVisible = 0;
			defaultConfigurationName = Release;
		};
		D7F26C7427E615CC008E2206 /* Build configuration list for PBXNativeTarget "appStoreSearchAppTests" */ = {
			isa = XCConfigurationList;
			buildConfigurations = (
				D7F26C7527E615CC008E2206 /* Debug */,
				D7F26C7627E615CC008E2206 /* Release */,
			);
			defaultConfigurationIsVisible = 0;
			defaultConfigurationName = Release;
		};
		D7F26C7727E615CC008E2206 /* Build configuration list for PBXNativeTarget "appStoreSearchAppUITests" */ = {
			isa = XCConfigurationList;
			buildConfigurations = (
				D7F26C7827E615CC008E2206 /* Debug */,
				D7F26C7927E615CC008E2206 /* Release */,
			);
			defaultConfigurationIsVisible = 0;
			defaultConfigurationName = Release;
		};
/* End XCConfigurationList section */
	};
	rootObject = D7F26C3F27E615CB008E2206 /* Project object */;
}
