// !$*UTF8*$!
{
	archiveVersion = 1;
	classes = {
	};
	objectVersion = 55;
	objects = {

/* Begin PBXBuildFile section */
		0AC3867A27E9567900D4ABDF /* AppListDTO.swift in Sources */ = {isa = PBXBuildFile; fileRef = 0AC3867927E9567900D4ABDF /* AppListDTO.swift */; };
		0AC3867F27E958E500D4ABDF /* SearchServiceTests.swift in Sources */ = {isa = PBXBuildFile; fileRef = 0AC3867E27E958E500D4ABDF /* SearchServiceTests.swift */; };
		0AC3868627E95C8000D4ABDF /* RxBlocking in Frameworks */ = {isa = PBXBuildFile; productRef = 0AC3868527E95C8000D4ABDF /* RxBlocking */; };
		0AC3868827E95C8000D4ABDF /* RxTest in Frameworks */ = {isa = PBXBuildFile; productRef = 0AC3868727E95C8000D4ABDF /* RxTest */; };
		0AC3869327E9A63900D4ABDF /* Cosmos in Frameworks */ = {isa = PBXBuildFile; productRef = 0AC3869227E9A63900D4ABDF /* Cosmos */; };
		0AC3869C27EBFE7A00D4ABDF /* TextUtil.swift in Sources */ = {isa = PBXBuildFile; fileRef = 0AC3869B27EBFE7A00D4ABDF /* TextUtil.swift */; };
		D747A75827E72CD10033ED7A /* SearchRouter.swift in Sources */ = {isa = PBXBuildFile; fileRef = D747A75327E72CD10033ED7A /* SearchRouter.swift */; };
		D747A75927E72CD10033ED7A /* SearchViewController.swift in Sources */ = {isa = PBXBuildFile; fileRef = D747A75427E72CD10033ED7A /* SearchViewController.swift */; };
		D747A75A27E72CD10033ED7A /* SearchBuilder.swift in Sources */ = {isa = PBXBuildFile; fileRef = D747A75527E72CD10033ED7A /* SearchBuilder.swift */; };
		D747A75B27E72CD10033ED7A /* SearchInteractor.swift in Sources */ = {isa = PBXBuildFile; fileRef = D747A75627E72CD10033ED7A /* SearchInteractor.swift */; };
		D747A75C27E72CD10033ED7A /* SearchViewController.xib in Resources */ = {isa = PBXBuildFile; fileRef = D747A75727E72CD10033ED7A /* SearchViewController.xib */; };
		D747A76027E734D50033ED7A /* SearchListCell.swift in Sources */ = {isa = PBXBuildFile; fileRef = D747A75E27E734D50033ED7A /* SearchListCell.swift */; };
		D747A76127E734D50033ED7A /* SearchListCell.xib in Resources */ = {isa = PBXBuildFile; fileRef = D747A75F27E734D50033ED7A /* SearchListCell.xib */; };
		D747A76327E742990033ED7A /* MainComponent+.swift in Sources */ = {isa = PBXBuildFile; fileRef = D747A76227E742990033ED7A /* MainComponent+.swift */; };
		D747A76627E74BAB0033ED7A /* MainViewController.swift in Sources */ = {isa = PBXBuildFile; fileRef = D747A76427E74BAB0033ED7A /* MainViewController.swift */; };
		D747A76727E74BAB0033ED7A /* MainViewController.xib in Resources */ = {isa = PBXBuildFile; fileRef = D747A76527E74BAB0033ED7A /* MainViewController.xib */; };
		D747A76D27E7584B0033ED7A /* DetailRouter.swift in Sources */ = {isa = PBXBuildFile; fileRef = D747A76827E7584B0033ED7A /* DetailRouter.swift */; };
		D747A76E27E7584B0033ED7A /* DetailViewController.swift in Sources */ = {isa = PBXBuildFile; fileRef = D747A76927E7584B0033ED7A /* DetailViewController.swift */; };
		D747A76F27E7584B0033ED7A /* DetailBuilder.swift in Sources */ = {isa = PBXBuildFile; fileRef = D747A76A27E7584B0033ED7A /* DetailBuilder.swift */; };
		D747A77027E7584B0033ED7A /* DetailInteractor.swift in Sources */ = {isa = PBXBuildFile; fileRef = D747A76B27E7584B0033ED7A /* DetailInteractor.swift */; };
		D747A77127E7584B0033ED7A /* DetailViewController.xib in Resources */ = {isa = PBXBuildFile; fileRef = D747A76C27E7584B0033ED7A /* DetailViewController.xib */; };
		D747A77327EB32EF0033ED7A /* SearchComponent+.swift in Sources */ = {isa = PBXBuildFile; fileRef = D747A77227EB32EF0033ED7A /* SearchComponent+.swift */; };
		D747A77C27EB3D810033ED7A /* DetailInfoCell.swift in Sources */ = {isa = PBXBuildFile; fileRef = D747A77A27EB3D810033ED7A /* DetailInfoCell.swift */; };
		D747A77D27EB3D810033ED7A /* DetailInfoCell.xib in Resources */ = {isa = PBXBuildFile; fileRef = D747A77B27EB3D810033ED7A /* DetailInfoCell.xib */; };
		D747A78027EB46F70033ED7A /* AppInfoType.swift in Sources */ = {isa = PBXBuildFile; fileRef = D747A77F27EB46F70033ED7A /* AppInfoType.swift */; };
		D747A78427EB49630033ED7A /* DetailScreenShotCell.swift in Sources */ = {isa = PBXBuildFile; fileRef = D747A78227EB49630033ED7A /* DetailScreenShotCell.swift */; };
		D747A78527EB49630033ED7A /* DetailScreenShotCell.xib in Resources */ = {isa = PBXBuildFile; fileRef = D747A78327EB49630033ED7A /* DetailScreenShotCell.xib */; };
		D747A78A27EC9DB80033ED7A /* UIImageViewExtension.swift in Sources */ = {isa = PBXBuildFile; fileRef = D747A78927EC9DB80033ED7A /* UIImageViewExtension.swift */; };
		D747A78C27EC9F150033ED7A /* ImageCache.swift in Sources */ = {isa = PBXBuildFile; fileRef = D747A78B27EC9F150033ED7A /* ImageCache.swift */; };
		D7F26C4B27E615CB008E2206 /* AppDelegate.swift in Sources */ = {isa = PBXBuildFile; fileRef = D7F26C4A27E615CB008E2206 /* AppDelegate.swift */; };
		D7F26C4D27E615CB008E2206 /* SceneDelegate.swift in Sources */ = {isa = PBXBuildFile; fileRef = D7F26C4C27E615CB008E2206 /* SceneDelegate.swift */; };
		D7F26C4F27E615CB008E2206 /* ViewController.swift in Sources */ = {isa = PBXBuildFile; fileRef = D7F26C4E27E615CB008E2206 /* ViewController.swift */; };
		D7F26C5227E615CB008E2206 /* Main.storyboard in Resources */ = {isa = PBXBuildFile; fileRef = D7F26C5027E615CB008E2206 /* Main.storyboard */; };
		D7F26C5427E615CC008E2206 /* Assets.xcassets in Resources */ = {isa = PBXBuildFile; fileRef = D7F26C5327E615CC008E2206 /* Assets.xcassets */; };
		D7F26C5727E615CC008E2206 /* LaunchScreen.storyboard in Resources */ = {isa = PBXBuildFile; fileRef = D7F26C5527E615CC008E2206 /* LaunchScreen.storyboard */; };
		D7F26C6227E615CC008E2206 /* appStoreSearchAppTests.swift in Sources */ = {isa = PBXBuildFile; fileRef = D7F26C6127E615CC008E2206 /* appStoreSearchAppTests.swift */; };
		D7F26C6C27E615CC008E2206 /* appStoreSearchAppUITests.swift in Sources */ = {isa = PBXBuildFile; fileRef = D7F26C6B27E615CC008E2206 /* appStoreSearchAppUITests.swift */; };
		D7F26C6E27E615CC008E2206 /* appStoreSearchAppUITestsLaunchTests.swift in Sources */ = {isa = PBXBuildFile; fileRef = D7F26C6D27E615CC008E2206 /* appStoreSearchAppUITestsLaunchTests.swift */; };
		D7F26C7C27E616D8008E2206 /* RxCocoa in Frameworks */ = {isa = PBXBuildFile; productRef = D7F26C7B27E616D8008E2206 /* RxCocoa */; };
		D7F26C7E27E616D8008E2206 /* RxRelay in Frameworks */ = {isa = PBXBuildFile; productRef = D7F26C7D27E616D8008E2206 /* RxRelay */; };
		D7F26C8027E616D8008E2206 /* RxSwift in Frameworks */ = {isa = PBXBuildFile; productRef = D7F26C7F27E616D8008E2206 /* RxSwift */; };
		D7F26C8327E616E8008E2206 /* RIBs in Frameworks */ = {isa = PBXBuildFile; productRef = D7F26C8227E616E8008E2206 /* RIBs */; };
		D7F26C9C27E6176B008E2206 /* APIType.swift in Sources */ = {isa = PBXBuildFile; fileRef = D7F26C9927E6176B008E2206 /* APIType.swift */; };
		D7F26C9D27E6176B008E2206 /* SessionManager.swift in Sources */ = {isa = PBXBuildFile; fileRef = D7F26C9A27E6176B008E2206 /* SessionManager.swift */; };
		D7F26C9E27E6176B008E2206 /* SearchAPI.swift in Sources */ = {isa = PBXBuildFile; fileRef = D7F26C9B27E6176B008E2206 /* SearchAPI.swift */; };
		D7F26CA027E61774008E2206 /* SearchService.swift in Sources */ = {isa = PBXBuildFile; fileRef = D7F26C9F27E61774008E2206 /* SearchService.swift */; };
		D7F26CB227E61877008E2206 /* RootInteractor.swift in Sources */ = {isa = PBXBuildFile; fileRef = D7F26CA427E61877008E2206 /* RootInteractor.swift */; };
		D7F26CB327E61877008E2206 /* RootViewController.swift in Sources */ = {isa = PBXBuildFile; fileRef = D7F26CA527E61877008E2206 /* RootViewController.swift */; };
		D7F26CB427E61877008E2206 /* RootRouter.swift in Sources */ = {isa = PBXBuildFile; fileRef = D7F26CA627E61877008E2206 /* RootRouter.swift */; };
		D7F26CB527E61877008E2206 /* RootViewController.xib in Resources */ = {isa = PBXBuildFile; fileRef = D7F26CA727E61877008E2206 /* RootViewController.xib */; };
		D7F26CB627E61877008E2206 /* RootComponent+.swift in Sources */ = {isa = PBXBuildFile; fileRef = D7F26CA827E61877008E2206 /* RootComponent+.swift */; };
		D7F26CB727E61877008E2206 /* RootBuilder.swift in Sources */ = {isa = PBXBuildFile; fileRef = D7F26CA927E61877008E2206 /* RootBuilder.swift */; };
		D7F26CB827E61877008E2206 /* MainBuilder.swift in Sources */ = {isa = PBXBuildFile; fileRef = D7F26CAB27E61877008E2206 /* MainBuilder.swift */; };
		D7F26CBB27E61877008E2206 /* MainInteractor.swift in Sources */ = {isa = PBXBuildFile; fileRef = D7F26CAE27E61877008E2206 /* MainInteractor.swift */; };
		D7F26CBC27E61877008E2206 /* MainRouter.swift in Sources */ = {isa = PBXBuildFile; fileRef = D7F26CAF27E61877008E2206 /* MainRouter.swift */; };
		D7F26CBE27E6193C008E2206 /* AppComponent.swift in Sources */ = {isa = PBXBuildFile; fileRef = D7F26CBD27E6193C008E2206 /* AppComponent.swift */; };
/* End PBXBuildFile section */

/* Begin PBXContainerItemProxy section */
		D7F26C5E27E615CC008E2206 /* PBXContainerItemProxy */ = {
			isa = PBXContainerItemProxy;
			containerPortal = D7F26C3F27E615CB008E2206 /* Project object */;
			proxyType = 1;
			remoteGlobalIDString = D7F26C4627E615CB008E2206;
			remoteInfo = appStoreSearchApp;
		};
		D7F26C6827E615CC008E2206 /* PBXContainerItemProxy */ = {
			isa = PBXContainerItemProxy;
			containerPortal = D7F26C3F27E615CB008E2206 /* Project object */;
			proxyType = 1;
			remoteGlobalIDString = D7F26C4627E615CB008E2206;
			remoteInfo = appStoreSearchApp;
		};
/* End PBXContainerItemProxy section */

/* Begin PBXFileReference section */
		0AC3867927E9567900D4ABDF /* AppListDTO.swift */ = {isa = PBXFileReference; lastKnownFileType = sourcecode.swift; path = AppListDTO.swift; sourceTree = "<group>"; };
		0AC3867E27E958E500D4ABDF /* SearchServiceTests.swift */ = {isa = PBXFileReference; lastKnownFileType = sourcecode.swift; path = SearchServiceTests.swift; sourceTree = "<group>"; };
		0AC3869B27EBFE7A00D4ABDF /* TextUtil.swift */ = {isa = PBXFileReference; lastKnownFileType = sourcecode.swift; path = TextUtil.swift; sourceTree = "<group>"; };
		D747A75327E72CD10033ED7A /* SearchRouter.swift */ = {isa = PBXFileReference; lastKnownFileType = sourcecode.swift; path = SearchRouter.swift; sourceTree = "<group>"; };
		D747A75427E72CD10033ED7A /* SearchViewController.swift */ = {isa = PBXFileReference; lastKnownFileType = sourcecode.swift; path = SearchViewController.swift; sourceTree = "<group>"; };
		D747A75527E72CD10033ED7A /* SearchBuilder.swift */ = {isa = PBXFileReference; lastKnownFileType = sourcecode.swift; path = SearchBuilder.swift; sourceTree = "<group>"; };
		D747A75627E72CD10033ED7A /* SearchInteractor.swift */ = {isa = PBXFileReference; lastKnownFileType = sourcecode.swift; path = SearchInteractor.swift; sourceTree = "<group>"; };
		D747A75727E72CD10033ED7A /* SearchViewController.xib */ = {isa = PBXFileReference; lastKnownFileType = file.xib; path = SearchViewController.xib; sourceTree = "<group>"; };
		D747A75E27E734D50033ED7A /* SearchListCell.swift */ = {isa = PBXFileReference; lastKnownFileType = sourcecode.swift; path = SearchListCell.swift; sourceTree = "<group>"; };
		D747A75F27E734D50033ED7A /* SearchListCell.xib */ = {isa = PBXFileReference; lastKnownFileType = file.xib; path = SearchListCell.xib; sourceTree = "<group>"; };
		D747A76227E742990033ED7A /* MainComponent+.swift */ = {isa = PBXFileReference; lastKnownFileType = sourcecode.swift; path = "MainComponent+.swift"; sourceTree = "<group>"; };
		D747A76427E74BAB0033ED7A /* MainViewController.swift */ = {isa = PBXFileReference; lastKnownFileType = sourcecode.swift; path = MainViewController.swift; sourceTree = "<group>"; };
		D747A76527E74BAB0033ED7A /* MainViewController.xib */ = {isa = PBXFileReference; lastKnownFileType = file.xib; path = MainViewController.xib; sourceTree = "<group>"; };
		D747A76827E7584B0033ED7A /* DetailRouter.swift */ = {isa = PBXFileReference; lastKnownFileType = sourcecode.swift; path = DetailRouter.swift; sourceTree = "<group>"; };
		D747A76927E7584B0033ED7A /* DetailViewController.swift */ = {isa = PBXFileReference; lastKnownFileType = sourcecode.swift; path = DetailViewController.swift; sourceTree = "<group>"; };
		D747A76A27E7584B0033ED7A /* DetailBuilder.swift */ = {isa = PBXFileReference; lastKnownFileType = sourcecode.swift; path = DetailBuilder.swift; sourceTree = "<group>"; };
		D747A76B27E7584B0033ED7A /* DetailInteractor.swift */ = {isa = PBXFileReference; lastKnownFileType = sourcecode.swift; path = DetailInteractor.swift; sourceTree = "<group>"; };
		D747A76C27E7584B0033ED7A /* DetailViewController.xib */ = {isa = PBXFileReference; lastKnownFileType = file.xib; path = DetailViewController.xib; sourceTree = "<group>"; };
		D747A77227EB32EF0033ED7A /* SearchComponent+.swift */ = {isa = PBXFileReference; lastKnownFileType = sourcecode.swift; path = "SearchComponent+.swift"; sourceTree = "<group>"; };
		D747A77A27EB3D810033ED7A /* DetailInfoCell.swift */ = {isa = PBXFileReference; lastKnownFileType = sourcecode.swift; path = DetailInfoCell.swift; sourceTree = "<group>"; };
		D747A77B27EB3D810033ED7A /* DetailInfoCell.xib */ = {isa = PBXFileReference; lastKnownFileType = file.xib; path = DetailInfoCell.xib; sourceTree = "<group>"; };
		D747A77F27EB46F70033ED7A /* AppInfoType.swift */ = {isa = PBXFileReference; lastKnownFileType = sourcecode.swift; path = AppInfoType.swift; sourceTree = "<group>"; };
		D747A78227EB49630033ED7A /* DetailScreenShotCell.swift */ = {isa = PBXFileReference; lastKnownFileType = sourcecode.swift; path = DetailScreenShotCell.swift; sourceTree = "<group>"; };
		D747A78327EB49630033ED7A /* DetailScreenShotCell.xib */ = {isa = PBXFileReference; lastKnownFileType = file.xib; path = DetailScreenShotCell.xib; sourceTree = "<group>"; };
		D747A78927EC9DB80033ED7A /* UIImageViewExtension.swift */ = {isa = PBXFileReference; lastKnownFileType = sourcecode.swift; path = UIImageViewExtension.swift; sourceTree = "<group>"; };
		D747A78B27EC9F150033ED7A /* ImageCache.swift */ = {isa = PBXFileReference; lastKnownFileType = sourcecode.swift; path = ImageCache.swift; sourceTree = "<group>"; };
		D7F26C4727E615CB008E2206 /* appStoreSearchApp.app */ = {isa = PBXFileReference; explicitFileType = wrapper.application; includeInIndex = 0; path = appStoreSearchApp.app; sourceTree = BUILT_PRODUCTS_DIR; };
		D7F26C4A27E615CB008E2206 /* AppDelegate.swift */ = {isa = PBXFileReference; lastKnownFileType = sourcecode.swift; path = AppDelegate.swift; sourceTree = "<group>"; };
		D7F26C4C27E615CB008E2206 /* SceneDelegate.swift */ = {isa = PBXFileReference; lastKnownFileType = sourcecode.swift; path = SceneDelegate.swift; sourceTree = "<group>"; };
		D7F26C4E27E615CB008E2206 /* ViewController.swift */ = {isa = PBXFileReference; lastKnownFileType = sourcecode.swift; path = ViewController.swift; sourceTree = "<group>"; };
		D7F26C5127E615CB008E2206 /* Base */ = {isa = PBXFileReference; lastKnownFileType = file.storyboard; name = Base; path = Base.lproj/Main.storyboard; sourceTree = "<group>"; };
		D7F26C5327E615CC008E2206 /* Assets.xcassets */ = {isa = PBXFileReference; lastKnownFileType = folder.assetcatalog; path = Assets.xcassets; sourceTree = "<group>"; };
		D7F26C5627E615CC008E2206 /* Base */ = {isa = PBXFileReference; lastKnownFileType = file.storyboard; name = Base; path = Base.lproj/LaunchScreen.storyboard; sourceTree = "<group>"; };
		D7F26C5827E615CC008E2206 /* Info.plist */ = {isa = PBXFileReference; lastKnownFileType = text.plist.xml; path = Info.plist; sourceTree = "<group>"; };
		D7F26C5D27E615CC008E2206 /* appStoreSearchAppTests.xctest */ = {isa = PBXFileReference; explicitFileType = wrapper.cfbundle; includeInIndex = 0; path = appStoreSearchAppTests.xctest; sourceTree = BUILT_PRODUCTS_DIR; };
		D7F26C6127E615CC008E2206 /* appStoreSearchAppTests.swift */ = {isa = PBXFileReference; lastKnownFileType = sourcecode.swift; path = appStoreSearchAppTests.swift; sourceTree = "<group>"; };
		D7F26C6727E615CC008E2206 /* appStoreSearchAppUITests.xctest */ = {isa = PBXFileReference; explicitFileType = wrapper.cfbundle; includeInIndex = 0; path = appStoreSearchAppUITests.xctest; sourceTree = BUILT_PRODUCTS_DIR; };
		D7F26C6B27E615CC008E2206 /* appStoreSearchAppUITests.swift */ = {isa = PBXFileReference; lastKnownFileType = sourcecode.swift; path = appStoreSearchAppUITests.swift; sourceTree = "<group>"; };
		D7F26C6D27E615CC008E2206 /* appStoreSearchAppUITestsLaunchTests.swift */ = {isa = PBXFileReference; lastKnownFileType = sourcecode.swift; path = appStoreSearchAppUITestsLaunchTests.swift; sourceTree = "<group>"; };
		D7F26C9927E6176B008E2206 /* APIType.swift */ = {isa = PBXFileReference; fileEncoding = 4; lastKnownFileType = sourcecode.swift; path = APIType.swift; sourceTree = "<group>"; };
		D7F26C9A27E6176B008E2206 /* SessionManager.swift */ = {isa = PBXFileReference; fileEncoding = 4; lastKnownFileType = sourcecode.swift; path = SessionManager.swift; sourceTree = "<group>"; };
		D7F26C9B27E6176B008E2206 /* SearchAPI.swift */ = {isa = PBXFileReference; fileEncoding = 4; lastKnownFileType = sourcecode.swift; path = SearchAPI.swift; sourceTree = "<group>"; };
		D7F26C9F27E61774008E2206 /* SearchService.swift */ = {isa = PBXFileReference; fileEncoding = 4; lastKnownFileType = sourcecode.swift; path = SearchService.swift; sourceTree = "<group>"; };
		D7F26CA427E61877008E2206 /* RootInteractor.swift */ = {isa = PBXFileReference; fileEncoding = 4; lastKnownFileType = sourcecode.swift; path = RootInteractor.swift; sourceTree = "<group>"; };
		D7F26CA527E61877008E2206 /* RootViewController.swift */ = {isa = PBXFileReference; fileEncoding = 4; lastKnownFileType = sourcecode.swift; path = RootViewController.swift; sourceTree = "<group>"; };
		D7F26CA627E61877008E2206 /* RootRouter.swift */ = {isa = PBXFileReference; fileEncoding = 4; lastKnownFileType = sourcecode.swift; path = RootRouter.swift; sourceTree = "<group>"; };
		D7F26CA727E61877008E2206 /* RootViewController.xib */ = {isa = PBXFileReference; fileEncoding = 4; lastKnownFileType = file.xib; path = RootViewController.xib; sourceTree = "<group>"; };
		D7F26CA827E61877008E2206 /* RootComponent+.swift */ = {isa = PBXFileReference; fileEncoding = 4; lastKnownFileType = sourcecode.swift; path = "RootComponent+.swift"; sourceTree = "<group>"; };
		D7F26CA927E61877008E2206 /* RootBuilder.swift */ = {isa = PBXFileReference; fileEncoding = 4; lastKnownFileType = sourcecode.swift; path = RootBuilder.swift; sourceTree = "<group>"; };
		D7F26CAB27E61877008E2206 /* MainBuilder.swift */ = {isa = PBXFileReference; fileEncoding = 4; lastKnownFileType = sourcecode.swift; path = MainBuilder.swift; sourceTree = "<group>"; };
		D7F26CAE27E61877008E2206 /* MainInteractor.swift */ = {isa = PBXFileReference; fileEncoding = 4; lastKnownFileType = sourcecode.swift; path = MainInteractor.swift; sourceTree = "<group>"; };
		D7F26CAF27E61877008E2206 /* MainRouter.swift */ = {isa = PBXFileReference; fileEncoding = 4; lastKnownFileType = sourcecode.swift; path = MainRouter.swift; sourceTree = "<group>"; };
		D7F26CBD27E6193C008E2206 /* AppComponent.swift */ = {isa = PBXFileReference; fileEncoding = 4; lastKnownFileType = sourcecode.swift; path = AppComponent.swift; sourceTree = "<group>"; };
/* End PBXFileReference section */

/* Begin PBXFrameworksBuildPhase section */
		D7F26C4427E615CB008E2206 /* Frameworks */ = {
			isa = PBXFrameworksBuildPhase;
			buildActionMask = 2147483647;
			files = (
				0AC3869327E9A63900D4ABDF /* Cosmos in Frameworks */,
				D7F26C8327E616E8008E2206 /* RIBs in Frameworks */,
				D7F26C8027E616D8008E2206 /* RxSwift in Frameworks */,
				D7F26C7E27E616D8008E2206 /* RxRelay in Frameworks */,
				D7F26C7C27E616D8008E2206 /* RxCocoa in Frameworks */,
			);
			runOnlyForDeploymentPostprocessing = 0;
		};
		D7F26C5A27E615CC008E2206 /* Frameworks */ = {
			isa = PBXFrameworksBuildPhase;
			buildActionMask = 2147483647;
			files = (
				0AC3868827E95C8000D4ABDF /* RxTest in Frameworks */,
				0AC3868627E95C8000D4ABDF /* RxBlocking in Frameworks */,
			);
			runOnlyForDeploymentPostprocessing = 0;
		};
		D7F26C6427E615CC008E2206 /* Frameworks */ = {
			isa = PBXFrameworksBuildPhase;
			buildActionMask = 2147483647;
			files = (
			);
			runOnlyForDeploymentPostprocessing = 0;
		};
/* End PBXFrameworksBuildPhase section */

/* Begin PBXGroup section */
		0AC3867B27E9588900D4ABDF /* Services */ = {
			isa = PBXGroup;
			children = (
				0AC3867E27E958E500D4ABDF /* SearchServiceTests.swift */,
			);
			path = Services;
			sourceTree = "<group>";
		};
		0AC3868027E959F600D4ABDF /* Frameworks */ = {
			isa = PBXGroup;
			children = (
			);
			name = Frameworks;
			sourceTree = "<group>";
		};
		0AC3869D27EC3AA500D4ABDF /* Utils */ = {
			isa = PBXGroup;
			children = (
				D747A78B27EC9F150033ED7A /* ImageCache.swift */,
				0AC3869B27EBFE7A00D4ABDF /* TextUtil.swift */,
			);
			path = Utils;
			sourceTree = "<group>";
		};
		D747A75D27E72ED80033ED7A /* Views */ = {
			isa = PBXGroup;
			children = (
				D747A77427EB38E90033ED7A /* SearchListCell */,
				D747A77527EB3C3A0033ED7A /* DetailInfoCell */,
				D747A78127EB49470033ED7A /* DetailScreenShotCell */,
			);
			path = Views;
			sourceTree = "<group>";
		};
		D747A77427EB38E90033ED7A /* SearchListCell */ = {
			isa = PBXGroup;
			children = (
				D747A75E27E734D50033ED7A /* SearchListCell.swift */,
				D747A75F27E734D50033ED7A /* SearchListCell.xib */,
			);
			path = SearchListCell;
			sourceTree = "<group>";
		};
		D747A77527EB3C3A0033ED7A /* DetailInfoCell */ = {
			isa = PBXGroup;
			children = (
				D747A77A27EB3D810033ED7A /* DetailInfoCell.swift */,
				D747A77B27EB3D810033ED7A /* DetailInfoCell.xib */,
			);
			path = DetailInfoCell;
			sourceTree = "<group>";
		};
		D747A77E27EB46D90033ED7A /* DataObjects */ = {
			isa = PBXGroup;
			children = (
				0AC3867927E9567900D4ABDF /* AppListDTO.swift */,
				D747A77F27EB46F70033ED7A /* AppInfoType.swift */,
			);
			path = DataObjects;
			sourceTree = "<group>";
		};
		D747A78127EB49470033ED7A /* DetailScreenShotCell */ = {
			isa = PBXGroup;
			children = (
				D747A78227EB49630033ED7A /* DetailScreenShotCell.swift */,
				D747A78327EB49630033ED7A /* DetailScreenShotCell.xib */,
			);
			path = DetailScreenShotCell;
			sourceTree = "<group>";
		};
		D747A78827EC9DA90033ED7A /* Extensions */ = {
			isa = PBXGroup;
			children = (
				D747A78927EC9DB80033ED7A /* UIImageViewExtension.swift */,
			);
			path = Extensions;
			sourceTree = "<group>";
		};
		D747A78D27ECA6150033ED7A /* API */ = {
			isa = PBXGroup;
			children = (
				D7F26C9927E6176B008E2206 /* APIType.swift */,
				D7F26C9B27E6176B008E2206 /* SearchAPI.swift */,
			);
			path = API;
			sourceTree = "<group>";
		};
		D7F26C3E27E615CB008E2206 = {
			isa = PBXGroup;
			children = (
				D7F26C4927E615CB008E2206 /* appStoreSearchApp */,
				D7F26C6027E615CC008E2206 /* appStoreSearchAppTests */,
				D7F26C6A27E615CC008E2206 /* appStoreSearchAppUITests */,
				D7F26C4827E615CB008E2206 /* Products */,
				0AC3868027E959F600D4ABDF /* Frameworks */,
			);
			sourceTree = "<group>";
		};
		D7F26C4827E615CB008E2206 /* Products */ = {
			isa = PBXGroup;
			children = (
				D7F26C4727E615CB008E2206 /* appStoreSearchApp.app */,
				D7F26C5D27E615CC008E2206 /* appStoreSearchAppTests.xctest */,
				D7F26C6727E615CC008E2206 /* appStoreSearchAppUITests.xctest */,
			);
			name = Products;
			sourceTree = "<group>";
		};
		D7F26C4927E615CB008E2206 /* appStoreSearchApp */ = {
			isa = PBXGroup;
			children = (
				D7F26C4A27E615CB008E2206 /* AppDelegate.swift */,
				D7F26C4C27E615CB008E2206 /* SceneDelegate.swift */,
				D7F26CBD27E6193C008E2206 /* AppComponent.swift */,
				D7F26C9827E6176B008E2206 /* Network */,
				D7F26CA127E61785008E2206 /* Services */,
				D747A77E27EB46D90033ED7A /* DataObjects */,
				D7F26CA227E61877008E2206 /* RIBs */,
				D747A75D27E72ED80033ED7A /* Views */,
				D747A78827EC9DA90033ED7A /* Extensions */,
				0AC3869D27EC3AA500D4ABDF /* Utils */,
				D7F26C4E27E615CB008E2206 /* ViewController.swift */,
				D7F26C5027E615CB008E2206 /* Main.storyboard */,
				D7F26C5327E615CC008E2206 /* Assets.xcassets */,
				D7F26C5527E615CC008E2206 /* LaunchScreen.storyboard */,
				D7F26C5827E615CC008E2206 /* Info.plist */,
			);
			path = appStoreSearchApp;
			sourceTree = "<group>";
		};
		D7F26C6027E615CC008E2206 /* appStoreSearchAppTests */ = {
			isa = PBXGroup;
			children = (
				0AC3867B27E9588900D4ABDF /* Services */,
				D7F26C6127E615CC008E2206 /* appStoreSearchAppTests.swift */,
			);
			path = appStoreSearchAppTests;
			sourceTree = "<group>";
		};
		D7F26C6A27E615CC008E2206 /* appStoreSearchAppUITests */ = {
			isa = PBXGroup;
			children = (
				D7F26C6B27E615CC008E2206 /* appStoreSearchAppUITests.swift */,
				D7F26C6D27E615CC008E2206 /* appStoreSearchAppUITestsLaunchTests.swift */,
			);
			path = appStoreSearchAppUITests;
			sourceTree = "<group>";
		};
		D7F26C9827E6176B008E2206 /* Network */ = {
			isa = PBXGroup;
			children = (
				D747A78D27ECA6150033ED7A /* API */,
				D7F26C9A27E6176B008E2206 /* SessionManager.swift */,
			);
			path = Network;
			sourceTree = "<group>";
		};
		D7F26CA127E61785008E2206 /* Services */ = {
			isa = PBXGroup;
			children = (
				D7F26C9F27E61774008E2206 /* SearchService.swift */,
			);
			path = Services;
			sourceTree = "<group>";
		};
		D7F26CA227E61877008E2206 /* RIBs */ = {
			isa = PBXGroup;
			children = (
				D7F26CA327E61877008E2206 /* RootRIB */,
				D7F26CAA27E61877008E2206 /* MainRIB */,
				D7F26CB127E61877008E2206 /* SearchRIB */,
				D7F26CB027E61877008E2206 /* DetailRIB */,
			);
			path = RIBs;
			sourceTree = "<group>";
		};
		D7F26CA327E61877008E2206 /* RootRIB */ = {
			isa = PBXGroup;
			children = (
				D7F26CA627E61877008E2206 /* RootRouter.swift */,
				D7F26CA927E61877008E2206 /* RootBuilder.swift */,
				D7F26CA427E61877008E2206 /* RootInteractor.swift */,
				D7F26CA527E61877008E2206 /* RootViewController.swift */,
				D7F26CA727E61877008E2206 /* RootViewController.xib */,
				D7F26CA827E61877008E2206 /* RootComponent+.swift */,
			);
			path = RootRIB;
			sourceTree = "<group>";
		};
		D7F26CAA27E61877008E2206 /* MainRIB */ = {
			isa = PBXGroup;
			children = (
				D7F26CAF27E61877008E2206 /* MainRouter.swift */,
				D7F26CAB27E61877008E2206 /* MainBuilder.swift */,
				D7F26CAE27E61877008E2206 /* MainInteractor.swift */,
				D747A76427E74BAB0033ED7A /* MainViewController.swift */,
				D747A76527E74BAB0033ED7A /* MainViewController.xib */,
				D747A76227E742990033ED7A /* MainComponent+.swift */,
			);
			path = MainRIB;
			sourceTree = "<group>";
		};
		D7F26CB027E61877008E2206 /* DetailRIB */ = {
			isa = PBXGroup;
			children = (
				D747A76827E7584B0033ED7A /* DetailRouter.swift */,
				D747A76927E7584B0033ED7A /* DetailViewController.swift */,
				D747A76A27E7584B0033ED7A /* DetailBuilder.swift */,
				D747A76B27E7584B0033ED7A /* DetailInteractor.swift */,
				D747A76C27E7584B0033ED7A /* DetailViewController.xib */,
			);
			path = DetailRIB;
			sourceTree = "<group>";
		};
		D7F26CB127E61877008E2206 /* SearchRIB */ = {
			isa = PBXGroup;
			children = (
				D747A75327E72CD10033ED7A /* SearchRouter.swift */,
				D747A75427E72CD10033ED7A /* SearchViewController.swift */,
				D747A75527E72CD10033ED7A /* SearchBuilder.swift */,
				D747A75627E72CD10033ED7A /* SearchInteractor.swift */,
				D747A75727E72CD10033ED7A /* SearchViewController.xib */,
				D747A77227EB32EF0033ED7A /* SearchComponent+.swift */,
			);
			path = SearchRIB;
			sourceTree = "<group>";
		};
/* End PBXGroup section */

/* Begin PBXNativeTarget section */
		D7F26C4627E615CB008E2206 /* appStoreSearchApp */ = {
			isa = PBXNativeTarget;
			buildConfigurationList = D7F26C7127E615CC008E2206 /* Build configuration list for PBXNativeTarget "appStoreSearchApp" */;
			buildPhases = (
				D7F26C4327E615CB008E2206 /* Sources */,
				D7F26C4427E615CB008E2206 /* Frameworks */,
				D7F26C4527E615CB008E2206 /* Resources */,
			);
			buildRules = (
			);
			dependencies = (
			);
			name = appStoreSearchApp;
			packageProductDependencies = (
				D7F26C7B27E616D8008E2206 /* RxCocoa */,
				D7F26C7D27E616D8008E2206 /* RxRelay */,
				D7F26C7F27E616D8008E2206 /* RxSwift */,
				D7F26C8227E616E8008E2206 /* RIBs */,
				0AC3869227E9A63900D4ABDF /* Cosmos */,
			);
			productName = appStoreSearchApp;
			productReference = D7F26C4727E615CB008E2206 /* appStoreSearchApp.app */;
			productType = "com.apple.product-type.application";
		};
		D7F26C5C27E615CC008E2206 /* appStoreSearchAppTests */ = {
			isa = PBXNativeTarget;
			buildConfigurationList = D7F26C7427E615CC008E2206 /* Build configuration list for PBXNativeTarget "appStoreSearchAppTests" */;
			buildPhases = (
				D7F26C5927E615CC008E2206 /* Sources */,
				D7F26C5A27E615CC008E2206 /* Frameworks */,
				D7F26C5B27E615CC008E2206 /* Resources */,
			);
			buildRules = (
			);
			dependencies = (
				D7F26C5F27E615CC008E2206 /* PBXTargetDependency */,
			);
			name = appStoreSearchAppTests;
			packageProductDependencies = (
				0AC3868527E95C8000D4ABDF /* RxBlocking */,
				0AC3868727E95C8000D4ABDF /* RxTest */,
			);
			productName = appStoreSearchAppTests;
			productReference = D7F26C5D27E615CC008E2206 /* appStoreSearchAppTests.xctest */;
			productType = "com.apple.product-type.bundle.unit-test";
		};
		D7F26C6627E615CC008E2206 /* appStoreSearchAppUITests */ = {
			isa = PBXNativeTarget;
			buildConfigurationList = D7F26C7727E615CC008E2206 /* Build configuration list for PBXNativeTarget "appStoreSearchAppUITests" */;
			buildPhases = (
				D7F26C6327E615CC008E2206 /* Sources */,
				D7F26C6427E615CC008E2206 /* Frameworks */,
				D7F26C6527E615CC008E2206 /* Resources */,
			);
			buildRules = (
			);
			dependencies = (
				D7F26C6927E615CC008E2206 /* PBXTargetDependency */,
			);
			name = appStoreSearchAppUITests;
			productName = appStoreSearchAppUITests;
			productReference = D7F26C6727E615CC008E2206 /* appStoreSearchAppUITests.xctest */;
			productType = "com.apple.product-type.bundle.ui-testing";
		};
/* End PBXNativeTarget section */

/* Begin PBXProject section */
		D7F26C3F27E615CB008E2206 /* Project object */ = {
			isa = PBXProject;
			attributes = {
				BuildIndependentTargetsInParallel = 1;
				KnownAssetTags = (
					version,
				);
				LastSwiftUpdateCheck = 1320;
				LastUpgradeCheck = 1320;
				TargetAttributes = {
					D7F26C4627E615CB008E2206 = {
						CreatedOnToolsVersion = 13.2.1;
					};
					D7F26C5C27E615CC008E2206 = {
						CreatedOnToolsVersion = 13.2.1;
						TestTargetID = D7F26C4627E615CB008E2206;
					};
					D7F26C6627E615CC008E2206 = {
						CreatedOnToolsVersion = 13.2.1;
						TestTargetID = D7F26C4627E615CB008E2206;
					};
				};
			};
			buildConfigurationList = D7F26C4227E615CB008E2206 /* Build configuration list for PBXProject "appStoreSearchApp" */;
			compatibilityVersion = "Xcode 13.0";
			developmentRegion = en;
			hasScannedForEncodings = 0;
			knownRegions = (
				en,
				Base,
			);
			mainGroup = D7F26C3E27E615CB008E2206;
			packageReferences = (
				D7F26C7A27E616D8008E2206 /* XCRemoteSwiftPackageReference "RxSwift" */,
				D7F26C8127E616E8008E2206 /* XCRemoteSwiftPackageReference "RIBs" */,
				0AC3869127E9A63900D4ABDF /* XCRemoteSwiftPackageReference "Cosmos" */,
			);
			productRefGroup = D7F26C4827E615CB008E2206 /* Products */;
			projectDirPath = "";
			projectRoot = "";
			targets = (
				D7F26C4627E615CB008E2206 /* appStoreSearchApp */,
				D7F26C5C27E615CC008E2206 /* appStoreSearchAppTests */,
				D7F26C6627E615CC008E2206 /* appStoreSearchAppUITests */,
			);
		};
/* End PBXProject section */

/* Begin PBXResourcesBuildPhase section */
		D7F26C4527E615CB008E2206 /* Resources */ = {
			isa = PBXResourcesBuildPhase;
			buildActionMask = 2147483647;
			files = (
				D747A76127E734D50033ED7A /* SearchListCell.xib in Resources */,
				D7F26C5727E615CC008E2206 /* LaunchScreen.storyboard in Resources */,
				D7F26C5427E615CC008E2206 /* Assets.xcassets in Resources */,
				D747A77127E7584B0033ED7A /* DetailViewController.xib in Resources */,
				D747A78527EB49630033ED7A /* DetailScreenShotCell.xib in Resources */,
				D747A75C27E72CD10033ED7A /* SearchViewController.xib in Resources */,
				D7F26CB527E61877008E2206 /* RootViewController.xib in Resources */,
				D747A76727E74BAB0033ED7A /* MainViewController.xib in Resources */,
				D7F26C5227E615CB008E2206 /* Main.storyboard in Resources */,
				D747A77D27EB3D810033ED7A /* DetailInfoCell.xib in Resources */,
			);
			runOnlyForDeploymentPostprocessing = 0;
		};
		D7F26C5B27E615CC008E2206 /* Resources */ = {
			isa = PBXResourcesBuildPhase;
			buildActionMask = 2147483647;
			files = (
			);
			runOnlyForDeploymentPostprocessing = 0;
		};
		D7F26C6527E615CC008E2206 /* Resources */ = {
			isa = PBXResourcesBuildPhase;
			buildActionMask = 2147483647;
			files = (
			);
			runOnlyForDeploymentPostprocessing = 0;
		};
/* End PBXResourcesBuildPhase section */

/* Begin PBXSourcesBuildPhase section */
		D7F26C4327E615CB008E2206 /* Sources */ = {
			isa = PBXSourcesBuildPhase;
			buildActionMask = 2147483647;
			files = (
				D7F26C9C27E6176B008E2206 /* APIType.swift in Sources */,
				D747A76627E74BAB0033ED7A /* MainViewController.swift in Sources */,
				D747A76E27E7584B0033ED7A /* DetailViewController.swift in Sources */,
				D747A77027E7584B0033ED7A /* DetailInteractor.swift in Sources */,
				D747A76027E734D50033ED7A /* SearchListCell.swift in Sources */,
				D747A78C27EC9F150033ED7A /* ImageCache.swift in Sources */,
				D7F26CBC27E61877008E2206 /* MainRouter.swift in Sources */,
				D747A78427EB49630033ED7A /* DetailScreenShotCell.swift in Sources */,
				D7F26C4F27E615CB008E2206 /* ViewController.swift in Sources */,
				D747A75A27E72CD10033ED7A /* SearchBuilder.swift in Sources */,
				D7F26CBE27E6193C008E2206 /* AppComponent.swift in Sources */,
				D747A75927E72CD10033ED7A /* SearchViewController.swift in Sources */,
				D747A77C27EB3D810033ED7A /* DetailInfoCell.swift in Sources */,
				D747A75B27E72CD10033ED7A /* SearchInteractor.swift in Sources */,
				0AC3869C27EBFE7A00D4ABDF /* TextUtil.swift in Sources */,
				D747A76F27E7584B0033ED7A /* DetailBuilder.swift in Sources */,
				D747A76D27E7584B0033ED7A /* DetailRouter.swift in Sources */,
				D7F26CB327E61877008E2206 /* RootViewController.swift in Sources */,
				D7F26C9E27E6176B008E2206 /* SearchAPI.swift in Sources */,
				D747A76327E742990033ED7A /* MainComponent+.swift in Sources */,
				D747A77327EB32EF0033ED7A /* SearchComponent+.swift in Sources */,
				D7F26C4B27E615CB008E2206 /* AppDelegate.swift in Sources */,
				D7F26CB827E61877008E2206 /* MainBuilder.swift in Sources */,
				D7F26CA027E61774008E2206 /* SearchService.swift in Sources */,
				D7F26CBB27E61877008E2206 /* MainInteractor.swift in Sources */,
				D7F26CB427E61877008E2206 /* RootRouter.swift in Sources */,
				D747A75827E72CD10033ED7A /* SearchRouter.swift in Sources */,
				D7F26C9D27E6176B008E2206 /* SessionManager.swift in Sources */,
				0AC3867A27E9567900D4ABDF /* AppListDTO.swift in Sources */,
				D747A78027EB46F70033ED7A /* AppInfoType.swift in Sources */,
				D7F26CB227E61877008E2206 /* RootInteractor.swift in Sources */,
				D747A78A27EC9DB80033ED7A /* UIImageViewExtension.swift in Sources */,
				D7F26CB627E61877008E2206 /* RootComponent+.swift in Sources */,
				D7F26C4D27E615CB008E2206 /* SceneDelegate.swift in Sources */,
				D7F26CB727E61877008E2206 /* RootBuilder.swift in Sources */,
			);
			runOnlyForDeploymentPostprocessing = 0;
		};
		D7F26C5927E615CC008E2206 /* Sources */ = {
			isa = PBXSourcesBuildPhase;
			buildActionMask = 2147483647;
			files = (
				D7F26C6227E615CC008E2206 /* appStoreSearchAppTests.swift in Sources */,
				0AC3867F27E958E500D4ABDF /* SearchServiceTests.swift in Sources */,
			);
			runOnlyForDeploymentPostprocessing = 0;
		};
		D7F26C6327E615CC008E2206 /* Sources */ = {
			isa = PBXSourcesBuildPhase;
			buildActionMask = 2147483647;
			files = (
				D7F26C6E27E615CC008E2206 /* appStoreSearchAppUITestsLaunchTests.swift in Sources */,
				D7F26C6C27E615CC008E2206 /* appStoreSearchAppUITests.swift in Sources */,
			);
			runOnlyForDeploymentPostprocessing = 0;
		};
/* End PBXSourcesBuildPhase section */

/* Begin PBXTargetDependency section */
		D7F26C5F27E615CC008E2206 /* PBXTargetDependency */ = {
			isa = PBXTargetDependency;
			target = D7F26C4627E615CB008E2206 /* appStoreSearchApp */;
			targetProxy = D7F26C5E27E615CC008E2206 /* PBXContainerItemProxy */;
		};
		D7F26C6927E615CC008E2206 /* PBXTargetDependency */ = {
			isa = PBXTargetDependency;
			target = D7F26C4627E615CB008E2206 /* appStoreSearchApp */;
			targetProxy = D7F26C6827E615CC008E2206 /* PBXContainerItemProxy */;
		};
/* End PBXTargetDependency section */

/* Begin PBXVariantGroup section */
		D7F26C5027E615CB008E2206 /* Main.storyboard */ = {
			isa = PBXVariantGroup;
			children = (
				D7F26C5127E615CB008E2206 /* Base */,
			);
			name = Main.storyboard;
			sourceTree = "<group>";
		};
		D7F26C5527E615CC008E2206 /* LaunchScreen.storyboard */ = {
			isa = PBXVariantGroup;
			children = (
				D7F26C5627E615CC008E2206 /* Base */,
			);
			name = LaunchScreen.storyboard;
			sourceTree = "<group>";
		};
/* End PBXVariantGroup section */

/* Begin XCBuildConfiguration section */
		D7F26C6F27E615CC008E2206 /* Debug */ = {
			isa = XCBuildConfiguration;
			buildSettings = {
				ALWAYS_SEARCH_USER_PATHS = NO;
				CLANG_ANALYZER_NONNULL = YES;
				CLANG_ANALYZER_NUMBER_OBJECT_CONVERSION = YES_AGGRESSIVE;
				CLANG_CXX_LANGUAGE_STANDARD = "gnu++17";
				CLANG_CXX_LIBRARY = "libc++";
				CLANG_ENABLE_MODULES = YES;
				CLANG_ENABLE_OBJC_ARC = YES;
				CLANG_ENABLE_OBJC_WEAK = YES;
				CLANG_WARN_BLOCK_CAPTURE_AUTORELEASING = YES;
				CLANG_WARN_BOOL_CONVERSION = YES;
				CLANG_WARN_COMMA = YES;
				CLANG_WARN_CONSTANT_CONVERSION = YES;
				CLANG_WARN_DEPRECATED_OBJC_IMPLEMENTATIONS = YES;
				CLANG_WARN_DIRECT_OBJC_ISA_USAGE = YES_ERROR;
				CLANG_WARN_DOCUMENTATION_COMMENTS = YES;
				CLANG_WARN_EMPTY_BODY = YES;
				CLANG_WARN_ENUM_CONVERSION = YES;
				CLANG_WARN_INFINITE_RECURSION = YES;
				CLANG_WARN_INT_CONVERSION = YES;
				CLANG_WARN_NON_LITERAL_NULL_CONVERSION = YES;
				CLANG_WARN_OBJC_IMPLICIT_RETAIN_SELF = YES;
				CLANG_WARN_OBJC_LITERAL_CONVERSION = YES;
				CLANG_WARN_OBJC_ROOT_CLASS = YES_ERROR;
				CLANG_WARN_QUOTED_INCLUDE_IN_FRAMEWORK_HEADER = YES;
				CLANG_WARN_RANGE_LOOP_ANALYSIS = YES;
				CLANG_WARN_STRICT_PROTOTYPES = YES;
				CLANG_WARN_SUSPICIOUS_MOVE = YES;
				CLANG_WARN_UNGUARDED_AVAILABILITY = YES_AGGRESSIVE;
				CLANG_WARN_UNREACHABLE_CODE = YES;
				CLANG_WARN__DUPLICATE_METHOD_MATCH = YES;
				COPY_PHASE_STRIP = NO;
				DEBUG_INFORMATION_FORMAT = dwarf;
				ENABLE_STRICT_OBJC_MSGSEND = YES;
				ENABLE_TESTABILITY = YES;
				GCC_C_LANGUAGE_STANDARD = gnu11;
				GCC_DYNAMIC_NO_PIC = NO;
				GCC_NO_COMMON_BLOCKS = YES;
				GCC_OPTIMIZATION_LEVEL = 0;
				GCC_PREPROCESSOR_DEFINITIONS = (
					"DEBUG=1",
					"$(inherited)",
				);
				GCC_WARN_64_TO_32_BIT_CONVERSION = YES;
				GCC_WARN_ABOUT_RETURN_TYPE = YES_ERROR;
				GCC_WARN_UNDECLARED_SELECTOR = YES;
				GCC_WARN_UNINITIALIZED_AUTOS = YES_AGGRESSIVE;
				GCC_WARN_UNUSED_FUNCTION = YES;
				GCC_WARN_UNUSED_VARIABLE = YES;
				IPHONEOS_DEPLOYMENT_TARGET = 15.2;
				MTL_ENABLE_DEBUG_INFO = INCLUDE_SOURCE;
				MTL_FAST_MATH = YES;
				ONLY_ACTIVE_ARCH = YES;
				SDKROOT = iphoneos;
				SWIFT_ACTIVE_COMPILATION_CONDITIONS = DEBUG;
				SWIFT_OPTIMIZATION_LEVEL = "-Onone";
			};
			name = Debug;
		};
		D7F26C7027E615CC008E2206 /* Release */ = {
			isa = XCBuildConfiguration;
			buildSettings = {
				ALWAYS_SEARCH_USER_PATHS = NO;
				CLANG_ANALYZER_NONNULL = YES;
				CLANG_ANALYZER_NUMBER_OBJECT_CONVERSION = YES_AGGRESSIVE;
				CLANG_CXX_LANGUAGE_STANDARD = "gnu++17";
				CLANG_CXX_LIBRARY = "libc++";
				CLANG_ENABLE_MODULES = YES;
				CLANG_ENABLE_OBJC_ARC = YES;
				CLANG_ENABLE_OBJC_WEAK = YES;
				CLANG_WARN_BLOCK_CAPTURE_AUTORELEASING = YES;
				CLANG_WARN_BOOL_CONVERSION = YES;
				CLANG_WARN_COMMA = YES;
				CLANG_WARN_CONSTANT_CONVERSION = YES;
				CLANG_WARN_DEPRECATED_OBJC_IMPLEMENTATIONS = YES;
				CLANG_WARN_DIRECT_OBJC_ISA_USAGE = YES_ERROR;
				CLANG_WARN_DOCUMENTATION_COMMENTS = YES;
				CLANG_WARN_EMPTY_BODY = YES;
				CLANG_WARN_ENUM_CONVERSION = YES;
				CLANG_WARN_INFINITE_RECURSION = YES;
				CLANG_WARN_INT_CONVERSION = YES;
				CLANG_WARN_NON_LITERAL_NULL_CONVERSION = YES;
				CLANG_WARN_OBJC_IMPLICIT_RETAIN_SELF = YES;
				CLANG_WARN_OBJC_LITERAL_CONVERSION = YES;
				CLANG_WARN_OBJC_ROOT_CLASS = YES_ERROR;
				CLANG_WARN_QUOTED_INCLUDE_IN_FRAMEWORK_HEADER = YES;
				CLANG_WARN_RANGE_LOOP_ANALYSIS = YES;
				CLANG_WARN_STRICT_PROTOTYPES = YES;
				CLANG_WARN_SUSPICIOUS_MOVE = YES;
				CLANG_WARN_UNGUARDED_AVAILABILITY = YES_AGGRESSIVE;
				CLANG_WARN_UNREACHABLE_CODE = YES;
				CLANG_WARN__DUPLICATE_METHOD_MATCH = YES;
				COPY_PHASE_STRIP = NO;
				DEBUG_INFORMATION_FORMAT = "dwarf-with-dsym";
				ENABLE_NS_ASSERTIONS = NO;
				ENABLE_STRICT_OBJC_MSGSEND = YES;
				GCC_C_LANGUAGE_STANDARD = gnu11;
				GCC_NO_COMMON_BLOCKS = YES;
				GCC_WARN_64_TO_32_BIT_CONVERSION = YES;
				GCC_WARN_ABOUT_RETURN_TYPE = YES_ERROR;
				GCC_WARN_UNDECLARED_SELECTOR = YES;
				GCC_WARN_UNINITIALIZED_AUTOS = YES_AGGRESSIVE;
				GCC_WARN_UNUSED_FUNCTION = YES;
				GCC_WARN_UNUSED_VARIABLE = YES;
				IPHONEOS_DEPLOYMENT_TARGET = 15.2;
				MTL_ENABLE_DEBUG_INFO = NO;
				MTL_FAST_MATH = YES;
				SDKROOT = iphoneos;
				SWIFT_COMPILATION_MODE = wholemodule;
				SWIFT_OPTIMIZATION_LEVEL = "-O";
				VALIDATE_PRODUCT = YES;
			};
			name = Release;
		};
		D7F26C7227E615CC008E2206 /* Debug */ = {
			isa = XCBuildConfiguration;
			buildSettings = {
				ASSETCATALOG_COMPILER_APPICON_NAME = AppIcon;
				ASSETCATALOG_COMPILER_GLOBAL_ACCENT_COLOR_NAME = AccentColor;
				CODE_SIGN_STYLE = Automatic;
				CURRENT_PROJECT_VERSION = 1;
				GENERATE_INFOPLIST_FILE = YES;
				INFOPLIST_FILE = appStoreSearchApp/Info.plist;
				INFOPLIST_KEY_UIApplicationSupportsIndirectInputEvents = YES;
				INFOPLIST_KEY_UILaunchStoryboardName = LaunchScreen;
				INFOPLIST_KEY_UIMainStoryboardFile = Main;
				INFOPLIST_KEY_UISupportedInterfaceOrientations_iPad = "UIInterfaceOrientationPortrait UIInterfaceOrientationPortraitUpsideDown UIInterfaceOrientationLandscapeLeft UIInterfaceOrientationLandscapeRight";
				INFOPLIST_KEY_UISupportedInterfaceOrientations_iPhone = "UIInterfaceOrientationPortrait UIInterfaceOrientationLandscapeLeft UIInterfaceOrientationLandscapeRight";
				LD_RUNPATH_SEARCH_PATHS = (
					"$(inherited)",
					"@executable_path/Frameworks",
				);
				MARKETING_VERSION = 1.0;
				PRODUCT_BUNDLE_IDENTIFIER = com.chan.appStoreSearchApp;
				PRODUCT_NAME = "$(TARGET_NAME)";
				SWIFT_EMIT_LOC_STRINGS = YES;
				SWIFT_VERSION = 5.0;
				TARGETED_DEVICE_FAMILY = "1,2";
			};
			name = Debug;
		};
		D7F26C7327E615CC008E2206 /* Release */ = {
			isa = XCBuildConfiguration;
			buildSettings = {
				ASSETCATALOG_COMPILER_APPICON_NAME = AppIcon;
				ASSETCATALOG_COMPILER_GLOBAL_ACCENT_COLOR_NAME = AccentColor;
				CODE_SIGN_STYLE = Automatic;
				CURRENT_PROJECT_VERSION = 1;
				GENERATE_INFOPLIST_FILE = YES;
				INFOPLIST_FILE = appStoreSearchApp/Info.plist;
				INFOPLIST_KEY_UIApplicationSupportsIndirectInputEvents = YES;
				INFOPLIST_KEY_UILaunchStoryboardName = LaunchScreen;
				INFOPLIST_KEY_UIMainStoryboardFile = Main;
				INFOPLIST_KEY_UISupportedInterfaceOrientations_iPad = "UIInterfaceOrientationPortrait UIInterfaceOrientationPortraitUpsideDown UIInterfaceOrientationLandscapeLeft UIInterfaceOrientationLandscapeRight";
				INFOPLIST_KEY_UISupportedInterfaceOrientations_iPhone = "UIInterfaceOrientationPortrait UIInterfaceOrientationLandscapeLeft UIInterfaceOrientationLandscapeRight";
				LD_RUNPATH_SEARCH_PATHS = (
					"$(inherited)",
					"@executable_path/Frameworks",
				);
				MARKETING_VERSION = 1.0;
				PRODUCT_BUNDLE_IDENTIFIER = com.chan.appStoreSearchApp;
				PRODUCT_NAME = "$(TARGET_NAME)";
				SWIFT_EMIT_LOC_STRINGS = YES;
				SWIFT_VERSION = 5.0;
				TARGETED_DEVICE_FAMILY = "1,2";
			};
			name = Release;
		};
		D7F26C7527E615CC008E2206 /* Debug */ = {
			isa = XCBuildConfiguration;
			buildSettings = {
				ALWAYS_EMBED_SWIFT_STANDARD_LIBRARIES = YES;
				BUNDLE_LOADER = "$(TEST_HOST)";
				CODE_SIGN_STYLE = Automatic;
				CURRENT_PROJECT_VERSION = 1;
				GENERATE_INFOPLIST_FILE = YES;
				IPHONEOS_DEPLOYMENT_TARGET = 15.2;
				MARKETING_VERSION = 1.0;
				PRODUCT_BUNDLE_IDENTIFIER = com.chan.appStoreSearchAppTests;
				PRODUCT_NAME = "$(TARGET_NAME)";
				SWIFT_EMIT_LOC_STRINGS = NO;
				SWIFT_VERSION = 5.0;
				TARGETED_DEVICE_FAMILY = "1,2";
				TEST_HOST = "$(BUILT_PRODUCTS_DIR)/appStoreSearchApp.app/appStoreSearchApp";
			};
			name = Debug;
		};
		D7F26C7627E615CC008E2206 /* Release */ = {
			isa = XCBuildConfiguration;
			buildSettings = {
				ALWAYS_EMBED_SWIFT_STANDARD_LIBRARIES = YES;
				BUNDLE_LOADER = "$(TEST_HOST)";
				CODE_SIGN_STYLE = Automatic;
				CURRENT_PROJECT_VERSION = 1;
				GENERATE_INFOPLIST_FILE = YES;
				IPHONEOS_DEPLOYMENT_TARGET = 15.2;
				MARKETING_VERSION = 1.0;
				PRODUCT_BUNDLE_IDENTIFIER = com.chan.appStoreSearchAppTests;
				PRODUCT_NAME = "$(TARGET_NAME)";
				SWIFT_EMIT_LOC_STRINGS = NO;
				SWIFT_VERSION = 5.0;
				TARGETED_DEVICE_FAMILY = "1,2";
				TEST_HOST = "$(BUILT_PRODUCTS_DIR)/appStoreSearchApp.app/appStoreSearchApp";
			};
			name = Release;
		};
		D7F26C7827E615CC008E2206 /* Debug */ = {
			isa = XCBuildConfiguration;
			buildSettings = {
				ALWAYS_EMBED_SWIFT_STANDARD_LIBRARIES = YES;
				CODE_SIGN_STYLE = Automatic;
				CURRENT_PROJECT_VERSION = 1;
				GENERATE_INFOPLIST_FILE = YES;
				MARKETING_VERSION = 1.0;
				PRODUCT_BUNDLE_IDENTIFIER = com.chan.appStoreSearchAppUITests;
				PRODUCT_NAME = "$(TARGET_NAME)";
				SWIFT_EMIT_LOC_STRINGS = NO;
				SWIFT_VERSION = 5.0;
				TARGETED_DEVICE_FAMILY = "1,2";
				TEST_TARGET_NAME = appStoreSearchApp;
			};
			name = Debug;
		};
		D7F26C7927E615CC008E2206 /* Release */ = {
			isa = XCBuildConfiguration;
			buildSettings = {
				ALWAYS_EMBED_SWIFT_STANDARD_LIBRARIES = YES;
				CODE_SIGN_STYLE = Automatic;
				CURRENT_PROJECT_VERSION = 1;
				GENERATE_INFOPLIST_FILE = YES;
				MARKETING_VERSION = 1.0;
				PRODUCT_BUNDLE_IDENTIFIER = com.chan.appStoreSearchAppUITests;
				PRODUCT_NAME = "$(TARGET_NAME)";
				SWIFT_EMIT_LOC_STRINGS = NO;
				SWIFT_VERSION = 5.0;
				TARGETED_DEVICE_FAMILY = "1,2";
				TEST_TARGET_NAME = appStoreSearchApp;
			};
			name = Release;
		};
/* End XCBuildConfiguration section */

/* Begin XCConfigurationList section */
		D7F26C4227E615CB008E2206 /* Build configuration list for PBXProject "appStoreSearchApp" */ = {
			isa = XCConfigurationList;
			buildConfigurations = (
				D7F26C6F27E615CC008E2206 /* Debug */,
				D7F26C7027E615CC008E2206 /* Release */,
			);
			defaultConfigurationIsVisible = 0;
			defaultConfigurationName = Release;
		};
		D7F26C7127E615CC008E2206 /* Build configuration list for PBXNativeTarget "appStoreSearchApp" */ = {
			isa = XCConfigurationList;
			buildConfigurations = (
				D7F26C7227E615CC008E2206 /* Debug */,
				D7F26C7327E615CC008E2206 /* Release */,
			);
			defaultConfigurationIsVisible = 0;
			defaultConfigurationName = Release;
		};
		D7F26C7427E615CC008E2206 /* Build configuration list for PBXNativeTarget "appStoreSearchAppTests" */ = {
			isa = XCConfigurationList;
			buildConfigurations = (
				D7F26C7527E615CC008E2206 /* Debug */,
				D7F26C7627E615CC008E2206 /* Release */,
			);
			defaultConfigurationIsVisible = 0;
			defaultConfigurationName = Release;
		};
		D7F26C7727E615CC008E2206 /* Build configuration list for PBXNativeTarget "appStoreSearchAppUITests" */ = {
			isa = XCConfigurationList;
			buildConfigurations = (
				D7F26C7827E615CC008E2206 /* Debug */,
				D7F26C7927E615CC008E2206 /* Release */,
			);
			defaultConfigurationIsVisible = 0;
			defaultConfigurationName = Release;
		};
/* End XCConfigurationList section */

/* Begin XCRemoteSwiftPackageReference section */
		0AC3869127E9A63900D4ABDF /* XCRemoteSwiftPackageReference "Cosmos" */ = {
			isa = XCRemoteSwiftPackageReference;
			repositoryURL = "https://github.com/evgenyneu/Cosmos";
			requirement = {
				branch = master;
				kind = branch;
			};
		};
		D7F26C7A27E616D8008E2206 /* XCRemoteSwiftPackageReference "RxSwift" */ = {
			isa = XCRemoteSwiftPackageReference;
			repositoryURL = "https://github.com/ReactiveX/RxSwift";
			requirement = {
				kind = upToNextMajorVersion;
				minimumVersion = 6.0.0;
			};
		};
		D7F26C8127E616E8008E2206 /* XCRemoteSwiftPackageReference "RIBs" */ = {
			isa = XCRemoteSwiftPackageReference;
			repositoryURL = "https://github.com/uber/RIBs";
			requirement = {
				kind = upToNextMajorVersion;
				minimumVersion = 0.9.2;
			};
		};
/* End XCRemoteSwiftPackageReference section */

/* Begin XCSwiftPackageProductDependency section */
		0AC3868527E95C8000D4ABDF /* RxBlocking */ = {
			isa = XCSwiftPackageProductDependency;
			package = D7F26C7A27E616D8008E2206 /* XCRemoteSwiftPackageReference "RxSwift" */;
			productName = RxBlocking;
		};
		0AC3868727E95C8000D4ABDF /* RxTest */ = {
			isa = XCSwiftPackageProductDependency;
			package = D7F26C7A27E616D8008E2206 /* XCRemoteSwiftPackageReference "RxSwift" */;
			productName = RxTest;
		};
		0AC3869227E9A63900D4ABDF /* Cosmos */ = {
			isa = XCSwiftPackageProductDependency;
			package = 0AC3869127E9A63900D4ABDF /* XCRemoteSwiftPackageReference "Cosmos" */;
			productName = Cosmos;
		};
		D7F26C7B27E616D8008E2206 /* RxCocoa */ = {
			isa = XCSwiftPackageProductDependency;
			package = D7F26C7A27E616D8008E2206 /* XCRemoteSwiftPackageReference "RxSwift" */;
			productName = RxCocoa;
		};
		D7F26C7D27E616D8008E2206 /* RxRelay */ = {
			isa = XCSwiftPackageProductDependency;
			package = D7F26C7A27E616D8008E2206 /* XCRemoteSwiftPackageReference "RxSwift" */;
			productName = RxRelay;
		};
		D7F26C7F27E616D8008E2206 /* RxSwift */ = {
			isa = XCSwiftPackageProductDependency;
			package = D7F26C7A27E616D8008E2206 /* XCRemoteSwiftPackageReference "RxSwift" */;
			productName = RxSwift;
		};
		D7F26C8227E616E8008E2206 /* RIBs */ = {
			isa = XCSwiftPackageProductDependency;
			package = D7F26C8127E616E8008E2206 /* XCRemoteSwiftPackageReference "RIBs" */;
			productName = RIBs;
		};
/* End XCSwiftPackageProductDependency section */
	};
	rootObject = D7F26C3F27E615CB008E2206 /* Project object */;
}
